
Microsoft Visual Studio Solution File, Format Version 12.00
# Visual Studio Version 17
VisualStudioVersion = 17.4.33122.133
MinimumVisualStudioVersion = 10.0.40219.1
Project("{9A19103F-16F7-4668-BE54-9A1E7A4F7556}") = "API", "API\API.csproj", "{835ADDCB-E05C-4250-99D3-2DCC666E13C6}"
EndProject
Project("{FAE04EC0-301F-11D3-BF4B-00C04F79EFBC}") = "Core", "Core\Core.csproj", "{1BC69443-6258-434C-8A9F-44D198CBD542}"
EndProject
Project("{FAE04EC0-301F-11D3-BF4B-00C04F79EFBC}") = "Infrastructure", "Infrastructure\Infrastructure.csproj", "{CAF263DA-9CE4-459F-8E84-0E6372045A26}"
EndProject
Global
	GlobalSection(SolutionConfigurationPlatforms) = preSolution
		Debug|Any CPU = Debug|Any CPU
		Release|Any CPU = Release|Any CPU
	EndGlobalSection
	GlobalSection(ProjectConfigurationPlatforms) = postSolution
		{835ADDCB-E05C-4250-99D3-2DCC666E13C6}.Debug|Any CPU.ActiveCfg = Debug|Any CPU
		{835ADDCB-E05C-4250-99D3-2DCC666E13C6}.Debug|Any CPU.Build.0 = Debug|Any CPU
		{835ADDCB-E05C-4250-99D3-2DCC666E13C6}.Release|Any CPU.ActiveCfg = Release|Any CPU
		{835ADDCB-E05C-4250-99D3-2DCC666E13C6}.Release|Any CPU.Build.0 = Release|Any CPU
		{1BC69443-6258-434C-8A9F-44D198CBD542}.Debug|Any CPU.ActiveCfg = Debug|Any CPU
		{1BC69443-6258-434C-8A9F-44D198CBD542}.Debug|Any CPU.Build.0 = Debug|Any CPU
		{1BC69443-6258-434C-8A9F-44D198CBD542}.Release|Any CPU.ActiveCfg = Release|Any CPU
		{1BC69443-6258-434C-8A9F-44D198CBD542}.Release|Any CPU.Build.0 = Release|Any CPU
		{CAF263DA-9CE4-459F-8E84-0E6372045A26}.Debug|Any CPU.ActiveCfg = Debug|Any CPU
		{CAF263DA-9CE4-459F-8E84-0E6372045A26}.Debug|Any CPU.Build.0 = Debug|Any CPU
		{CAF263DA-9CE4-459F-8E84-0E6372045A26}.Release|Any CPU.ActiveCfg = Release|Any CPU
		{CAF263DA-9CE4-459F-8E84-0E6372045A26}.Release|Any CPU.Build.0 = Release|Any CPU
	EndGlobalSection
	GlobalSection(SolutionProperties) = preSolution
		HideSolutionNode = FALSE
	EndGlobalSection
	GlobalSection(ExtensibilityGlobals) = postSolution
		SolutionGuid = {E8C3FD35-C709-4B16-881E-9AE2FAC33C58}
	EndGlobalSection
EndGlobal
